# THIS IS AN AUTOGENERATED FILE. DO NOT EDIT THIS FILE DIRECTLY.
# yarn lockfile v1


cargo-cp-artifact@^0.1:
  version "0.1.4"
  resolved "https://registry.yarnpkg.com/cargo-cp-artifact/-/cargo-cp-artifact-0.1.4.tgz#1551500e6b1422e27c4da6de38deaac0a55466f9"
  integrity sha512-34yUas8aUENHGdk6JhLkV4ol0GLtP78YgqpsRDmmnpADy9JoTg/DgKM3CRHAeozTRNhKoPaRFhV+BxoqkmoKUA==
